
Microsoft Visual Studio Solution File, Format Version 12.00
# Visual Studio 14
VisualStudioVersion = 14.0.25123.0
MinimumVisualStudioVersion = 10.0.40219.1
Project("{FAE04EC0-301F-11D3-BF4B-00C04F79EFBC}") = "wallabag.Api", "wallabag.Api\wallabag.Api.csproj", "{C11E20D9-E78F-4853-9B58-DBE51740253F}"
EndProject
Project("{FAE04EC0-301F-11D3-BF4B-00C04F79EFBC}") = "wallabag.Api.Tests", "wallabag.Api.Tests\wallabag.Api.Tests.csproj", "{59A37B78-4702-4084-8308-CC509B0EE828}"
EndProject
Global
	GlobalSection(SolutionConfigurationPlatforms) = preSolution
		Debug|Any CPU = Debug|Any CPU
		Debug|ARM = Debug|ARM
		Debug|x64 = Debug|x64
		Debug|x86 = Debug|x86
		Release|Any CPU = Release|Any CPU
		Release|ARM = Release|ARM
		Release|x64 = Release|x64
		Release|x86 = Release|x86
	EndGlobalSection
	GlobalSection(ProjectConfigurationPlatforms) = postSolution
		{C11E20D9-E78F-4853-9B58-DBE51740253F}.Debug|Any CPU.ActiveCfg = Debug|Any CPU
		{C11E20D9-E78F-4853-9B58-DBE51740253F}.Debug|Any CPU.Build.0 = Debug|Any CPU
		{C11E20D9-E78F-4853-9B58-DBE51740253F}.Debug|ARM.ActiveCfg = Debug|Any CPU
		{C11E20D9-E78F-4853-9B58-DBE51740253F}.Debug|ARM.Build.0 = Debug|Any CPU
		{C11E20D9-E78F-4853-9B58-DBE51740253F}.Debug|x64.ActiveCfg = Debug|Any CPU
		{C11E20D9-E78F-4853-9B58-DBE51740253F}.Debug|x64.Build.0 = Debug|Any CPU
		{C11E20D9-E78F-4853-9B58-DBE51740253F}.Debug|x86.ActiveCfg = Debug|Any CPU
		{C11E20D9-E78F-4853-9B58-DBE51740253F}.Debug|x86.Build.0 = Debug|Any CPU
		{C11E20D9-E78F-4853-9B58-DBE51740253F}.Release|Any CPU.ActiveCfg = Release|Any CPU
		{C11E20D9-E78F-4853-9B58-DBE51740253F}.Release|Any CPU.Build.0 = Release|Any CPU
		{C11E20D9-E78F-4853-9B58-DBE51740253F}.Release|ARM.ActiveCfg = Release|Any CPU
		{C11E20D9-E78F-4853-9B58-DBE51740253F}.Release|ARM.Build.0 = Release|Any CPU
		{C11E20D9-E78F-4853-9B58-DBE51740253F}.Release|x64.ActiveCfg = Release|Any CPU
		{C11E20D9-E78F-4853-9B58-DBE51740253F}.Release|x64.Build.0 = Release|Any CPU
		{C11E20D9-E78F-4853-9B58-DBE51740253F}.Release|x86.ActiveCfg = Release|Any CPU
		{C11E20D9-E78F-4853-9B58-DBE51740253F}.Release|x86.Build.0 = Release|Any CPU
		{59A37B78-4702-4084-8308-CC509B0EE828}.Debug|Any CPU.ActiveCfg = Debug|Any CPU
		{59A37B78-4702-4084-8308-CC509B0EE828}.Debug|Any CPU.Build.0 = Debug|Any CPU
		{59A37B78-4702-4084-8308-CC509B0EE828}.Debug|ARM.ActiveCfg = Debug|Any CPU
		{59A37B78-4702-4084-8308-CC509B0EE828}.Debug|ARM.Build.0 = Debug|Any CPU
		{59A37B78-4702-4084-8308-CC509B0EE828}.Debug|x64.ActiveCfg = Debug|Any CPU
		{59A37B78-4702-4084-8308-CC509B0EE828}.Debug|x64.Build.0 = Debug|Any CPU
		{59A37B78-4702-4084-8308-CC509B0EE828}.Debug|x86.ActiveCfg = Debug|Any CPU
		{59A37B78-4702-4084-8308-CC509B0EE828}.Debug|x86.Build.0 = Debug|Any CPU
		{59A37B78-4702-4084-8308-CC509B0EE828}.Release|Any CPU.ActiveCfg = Release|Any CPU
		{59A37B78-4702-4084-8308-CC509B0EE828}.Release|Any CPU.Build.0 = Release|Any CPU
		{59A37B78-4702-4084-8308-CC509B0EE828}.Release|ARM.ActiveCfg = Release|Any CPU
		{59A37B78-4702-4084-8308-CC509B0EE828}.Release|ARM.Build.0 = Release|Any CPU
		{59A37B78-4702-4084-8308-CC509B0EE828}.Release|x64.ActiveCfg = Release|Any CPU
		{59A37B78-4702-4084-8308-CC509B0EE828}.Release|x64.Build.0 = Release|Any CPU
		{59A37B78-4702-4084-8308-CC509B0EE828}.Release|x86.ActiveCfg = Release|Any CPU
		{59A37B78-4702-4084-8308-CC509B0EE828}.Release|x86.Build.0 = Release|Any CPU
	EndGlobalSection
	GlobalSection(SolutionProperties) = preSolution
		HideSolutionNode = FALSE
	EndGlobalSection
EndGlobal
